// !$*UTF8*$!
{
	archiveVersion = 1;
	classes = {
	};
	objectVersion = 48;
	objects = {

/* Begin PBXBuildFile section */
		7C9159711F9948A6006A8F97 /* AppDelegate.swift in Sources */ = {isa = PBXBuildFile; fileRef = 7C9159701F9948A6006A8F97 /* AppDelegate.swift */; };
		7C9159731F9948A6006A8F97 /* ViewController.swift in Sources */ = {isa = PBXBuildFile; fileRef = 7C9159721F9948A6006A8F97 /* ViewController.swift */; };
		7C9159761F9948A7006A8F97 /* Main.storyboard in Resources */ = {isa = PBXBuildFile; fileRef = 7C9159741F9948A7006A8F97 /* Main.storyboard */; };
		7C9159781F9948A7006A8F97 /* Assets.xcassets in Resources */ = {isa = PBXBuildFile; fileRef = 7C9159771F9948A7006A8F97 /* Assets.xcassets */; };
		7C91597B1F9948A7006A8F97 /* LaunchScreen.storyboard in Resources */ = {isa = PBXBuildFile; fileRef = 7C9159791F9948A7006A8F97 /* LaunchScreen.storyboard */; };
		7C9159891F995420006A8F97 /* Recipe.swift in Sources */ = {isa = PBXBuildFile; fileRef = 7C9159881F995420006A8F97 /* Recipe.swift */; };
		7C91598F1F995688006A8F97 /* IngredientsEntryViewController.swift in Sources */ = {isa = PBXBuildFile; fileRef = 7C91598E1F995688006A8F97 /* IngredientsEntryViewController.swift */; };
		7C9159911F9956AA006A8F97 /* MyIngredientsViewController.swift in Sources */ = {isa = PBXBuildFile; fileRef = 7C9159901F9956AA006A8F97 /* MyIngredientsViewController.swift */; };
		7C9159931F9956FC006A8F97 /* RecipesTabelViewVC.swift in Sources */ = {isa = PBXBuildFile; fileRef = 7C9159921F9956FC006A8F97 /* RecipesTabelViewVC.swift */; };
		7C9159951F995726006A8F97 /* RecipeTableViewCell.swift in Sources */ = {isa = PBXBuildFile; fileRef = 7C9159941F995726006A8F97 /* RecipeTableViewCell.swift */; };
		7C9159971F995769006A8F97 /* DetailedRecipeViewController.swift in Sources */ = {isa = PBXBuildFile; fileRef = 7C9159961F995769006A8F97 /* DetailedRecipeViewController.swift */; };
		7C9159991F9957A8006A8F97 /* ApiKeys.swift in Sources */ = {isa = PBXBuildFile; fileRef = 7C9159981F9957A8006A8F97 /* ApiKeys.swift */; };
/* End PBXBuildFile section */

/* Begin PBXFileReference section */
		7C91596D1F9948A6006A8F97 /* MyFridge.app */ = {isa = PBXFileReference; explicitFileType = wrapper.application; includeInIndex = 0; path = MyFridge.app; sourceTree = BUILT_PRODUCTS_DIR; };
		7C9159701F9948A6006A8F97 /* AppDelegate.swift */ = {isa = PBXFileReference; lastKnownFileType = sourcecode.swift; path = AppDelegate.swift; sourceTree = "<group>"; };
		7C9159721F9948A6006A8F97 /* ViewController.swift */ = {isa = PBXFileReference; lastKnownFileType = sourcecode.swift; path = ViewController.swift; sourceTree = "<group>"; };
		7C9159751F9948A7006A8F97 /* Base */ = {isa = PBXFileReference; lastKnownFileType = file.storyboard; name = Base; path = Base.lproj/Main.storyboard; sourceTree = "<group>"; };
		7C9159771F9948A7006A8F97 /* Assets.xcassets */ = {isa = PBXFileReference; lastKnownFileType = folder.assetcatalog; path = Assets.xcassets; sourceTree = "<group>"; };
		7C91597A1F9948A7006A8F97 /* Base */ = {isa = PBXFileReference; lastKnownFileType = file.storyboard; name = Base; path = Base.lproj/LaunchScreen.storyboard; sourceTree = "<group>"; };
		7C91597C1F9948A7006A8F97 /* Info.plist */ = {isa = PBXFileReference; lastKnownFileType = text.plist.xml; path = Info.plist; sourceTree = "<group>"; };
		7C9159881F995420006A8F97 /* Recipe.swift */ = {isa = PBXFileReference; lastKnownFileType = sourcecode.swift; path = Recipe.swift; sourceTree = "<group>"; };
		7C91598E1F995688006A8F97 /* IngredientsEntryViewController.swift */ = {isa = PBXFileReference; lastKnownFileType = sourcecode.swift; path = IngredientsEntryViewController.swift; sourceTree = "<group>"; };
		7C9159901F9956AA006A8F97 /* MyIngredientsViewController.swift */ = {isa = PBXFileReference; lastKnownFileType = sourcecode.swift; path = MyIngredientsViewController.swift; sourceTree = "<group>"; };
		7C9159921F9956FC006A8F97 /* RecipesTabelViewVC.swift */ = {isa = PBXFileReference; lastKnownFileType = sourcecode.swift; path = RecipesTabelViewVC.swift; sourceTree = "<group>"; };
		7C9159941F995726006A8F97 /* RecipeTableViewCell.swift */ = {isa = PBXFileReference; lastKnownFileType = sourcecode.swift; path = RecipeTableViewCell.swift; sourceTree = "<group>"; };
		7C9159961F995769006A8F97 /* DetailedRecipeViewController.swift */ = {isa = PBXFileReference; lastKnownFileType = sourcecode.swift; path = DetailedRecipeViewController.swift; sourceTree = "<group>"; };
		7C9159981F9957A8006A8F97 /* ApiKeys.swift */ = {isa = PBXFileReference; lastKnownFileType = sourcecode.swift; path = ApiKeys.swift; sourceTree = "<group>"; };
/* End PBXFileReference section */

/* Begin PBXFrameworksBuildPhase section */
		7C91596A1F9948A6006A8F97 /* Frameworks */ = {
			isa = PBXFrameworksBuildPhase;
			buildActionMask = 2147483647;
			files = (
			);
			runOnlyForDeploymentPostprocessing = 0;
		};
/* End PBXFrameworksBuildPhase section */

/* Begin PBXGroup section */
		7C9159641F9948A6006A8F97 = {
			isa = PBXGroup;
			children = (
				7C91596F1F9948A6006A8F97 /* MyFridge */,
				7C91596E1F9948A6006A8F97 /* Products */,
			);
			sourceTree = "<group>";
		};
		7C91596E1F9948A6006A8F97 /* Products */ = {
			isa = PBXGroup;
			children = (
				7C91596D1F9948A6006A8F97 /* MyFridge.app */,
			);
			name = Products;
			sourceTree = "<group>";
		};
		7C91596F1F9948A6006A8F97 /* MyFridge */ = {
			isa = PBXGroup;
			children = (
				7C9159701F9948A6006A8F97 /* AppDelegate.swift */,
				7C9159981F9957A8006A8F97 /* ApiKeys.swift */,
				7C9159721F9948A6006A8F97 /* ViewController.swift */,
				7C9159741F9948A7006A8F97 /* Main.storyboard */,
				7C91598E1F995688006A8F97 /* IngredientsEntryViewController.swift */,
				7C9159901F9956AA006A8F97 /* MyIngredientsViewController.swift */,
				7C9159881F995420006A8F97 /* Recipe.swift */,
				7C9159921F9956FC006A8F97 /* RecipesTabelViewVC.swift */,
				7C9159941F995726006A8F97 /* RecipeTableViewCell.swift */,
				7C9159961F995769006A8F97 /* DetailedRecipeViewController.swift */,
				7C9159771F9948A7006A8F97 /* Assets.xcassets */,
				7C9159791F9948A7006A8F97 /* LaunchScreen.storyboard */,
				7C91597C1F9948A7006A8F97 /* Info.plist */,
			);
			path = MyFridge;
			sourceTree = "<group>";
		};
/* End PBXGroup section */

/* Begin PBXNativeTarget section */
		7C91596C1F9948A6006A8F97 /* MyFridge */ = {
			isa = PBXNativeTarget;
			buildConfigurationList = 7C91597F1F9948A7006A8F97 /* Build configuration list for PBXNativeTarget "MyFridge" */;
			buildPhases = (
				7C9159691F9948A6006A8F97 /* Sources */,
				7C91596A1F9948A6006A8F97 /* Frameworks */,
				7C91596B1F9948A6006A8F97 /* Resources */,
			);
			buildRules = (
			);
			dependencies = (
			);
			name = MyFridge;
			productName = MyFridge;
			productReference = 7C91596D1F9948A6006A8F97 /* MyFridge.app */;
			productType = "com.apple.product-type.application";
		};
/* End PBXNativeTarget section */

/* Begin PBXProject section */
		7C9159651F9948A6006A8F97 /* Project object */ = {
			isa = PBXProject;
			attributes = {
				LastSwiftUpdateCheck = 0900;
				LastUpgradeCheck = 0900;
				ORGANIZATIONNAME = "Noor Alhoussari";
				TargetAttributes = {
					7C91596C1F9948A6006A8F97 = {
						CreatedOnToolsVersion = 9.0;
						ProvisioningStyle = Automatic;
					};
				};
			};
			buildConfigurationList = 7C9159681F9948A6006A8F97 /* Build configuration list for PBXProject "MyFridge" */;
			compatibilityVersion = "Xcode 8.0";
			developmentRegion = en;
			hasScannedForEncodings = 0;
			knownRegions = (
				en,
				Base,
			);
			mainGroup = 7C9159641F9948A6006A8F97;
			productRefGroup = 7C91596E1F9948A6006A8F97 /* Products */;
			projectDirPath = "";
			projectRoot = "";
			targets = (
				7C91596C1F9948A6006A8F97 /* MyFridge */,
			);
		};
/* End PBXProject section */

/* Begin PBXResourcesBuildPhase section */
		7C91596B1F9948A6006A8F97 /* Resources */ = {
			isa = PBXResourcesBuildPhase;
			buildActionMask = 2147483647;
			files = (
				7C91597B1F9948A7006A8F97 /* LaunchScreen.storyboard in Resources */,
				7C9159781F9948A7006A8F97 /* Assets.xcassets in Resources */,
				7C9159761F9948A7006A8F97 /* Main.storyboard in Resources */,
			);
			runOnlyForDeploymentPostprocessing = 0;
		};
/* End PBXResourcesBuildPhase section */

/* Begin PBXSourcesBuildPhase section */
		7C9159691F9948A6006A8F97 /* Sources */ = {
			isa = PBXSourcesBuildPhase;
			buildActionMask = 2147483647;
			files = (
				7C9159971F995769006A8F97 /* DetailedRecipeViewController.swift in Sources */,
				7C91598F1F995688006A8F97 /* IngredientsEntryViewController.swift in Sources */,
				7C9159991F9957A8006A8F97 /* ApiKeys.swift in Sources */,
				7C9159731F9948A6006A8F97 /* ViewController.swift in Sources */,
				7C9159931F9956FC006A8F97 /* RecipesTabelViewVC.swift in Sources */,
				7C9159951F995726006A8F97 /* RecipeTableViewCell.swift in Sources */,
				7C9159711F9948A6006A8F97 /* AppDelegate.swift in Sources */,
				7C9159891F995420006A8F97 /* Recipe.swift in Sources */,
				7C9159911F9956AA006A8F97 /* MyIngredientsViewController.swift in Sources */,
			);
			runOnlyForDeploymentPostprocessing = 0;
		};
/* End PBXSourcesBuildPhase section */

/* Begin PBXVariantGroup section */
		7C9159741F9948A7006A8F97 /* Main.storyboard */ = {
			isa = PBXVariantGroup;
			children = (
				7C9159751F9948A7006A8F97 /* Base */,
			);
			name = Main.storyboard;
			sourceTree = "<group>";
		};
		7C9159791F9948A7006A8F97 /* LaunchScreen.storyboard */ = {
			isa = PBXVariantGroup;
			children = (
				7C91597A1F9948A7006A8F97 /* Base */,
			);
			name = LaunchScreen.storyboard;
			sourceTree = "<group>";
		};
/* End PBXVariantGroup section */

/* Begin XCBuildConfiguration section */
		7C91597D1F9948A7006A8F97 /* Debug */ = {
			isa = XCBuildConfiguration;
			buildSettings = {
				ALWAYS_SEARCH_USER_PATHS = NO;
				CLANG_ANALYZER_NONNULL = YES;
				CLANG_ANALYZER_NUMBER_OBJECT_CONVERSION = YES_AGGRESSIVE;
				CLANG_CXX_LANGUAGE_STANDARD = "gnu++14";
				CLANG_CXX_LIBRARY = "libc++";
				CLANG_ENABLE_MODULES = YES;
				CLANG_ENABLE_OBJC_ARC = YES;
				CLANG_WARN_BLOCK_CAPTURE_AUTORELEASING = YES;
				CLANG_WARN_BOOL_CONVERSION = YES;
				CLANG_WARN_COMMA = YES;
				CLANG_WARN_CONSTANT_CONVERSION = YES;
				CLANG_WARN_DIRECT_OBJC_ISA_USAGE = YES_ERROR;
				CLANG_WARN_DOCUMENTATION_COMMENTS = YES;
				CLANG_WARN_EMPTY_BODY = YES;
				CLANG_WARN_ENUM_CONVERSION = YES;
				CLANG_WARN_INFINITE_RECURSION = YES;
				CLANG_WARN_INT_CONVERSION = YES;
				CLANG_WARN_NON_LITERAL_NULL_CONVERSION = YES;
				CLANG_WARN_OBJC_LITERAL_CONVERSION = YES;
				CLANG_WARN_OBJC_ROOT_CLASS = YES_ERROR;
				CLANG_WARN_RANGE_LOOP_ANALYSIS = YES;
				CLANG_WARN_STRICT_PROTOTYPES = YES;
				CLANG_WARN_SUSPICIOUS_MOVE = YES;
				CLANG_WARN_UNGUARDED_AVAILABILITY = YES_AGGRESSIVE;
				CLANG_WARN_UNREACHABLE_CODE = YES;
				CLANG_WARN__DUPLICATE_METHOD_MATCH = YES;
				CODE_SIGN_IDENTITY = "iPhone Developer";
				COPY_PHASE_STRIP = NO;
				DEBUG_INFORMATION_FORMAT = dwarf;
				ENABLE_STRICT_OBJC_MSGSEND = YES;
				ENABLE_TESTABILITY = YES;
				GCC_C_LANGUAGE_STANDARD = gnu11;
				GCC_DYNAMIC_NO_PIC = NO;
				GCC_NO_COMMON_BLOCKS = YES;
				GCC_OPTIMIZATION_LEVEL = 0;
				GCC_PREPROCESSOR_DEFINITIONS = (
					"DEBUG=1",
					"$(inherited)",
				);
				GCC_WARN_64_TO_32_BIT_CONVERSION = YES;
				GCC_WARN_ABOUT_RETURN_TYPE = YES_ERROR;
				GCC_WARN_UNDECLARED_SELECTOR = YES;
				GCC_WARN_UNINITIALIZED_AUTOS = YES_AGGRESSIVE;
				GCC_WARN_UNUSED_FUNCTION = YES;
				GCC_WARN_UNUSED_VARIABLE = YES;
				IPHONEOS_DEPLOYMENT_TARGET = 11.0;
				MTL_ENABLE_DEBUG_INFO = YES;
				ONLY_ACTIVE_ARCH = YES;
				SDKROOT = iphoneos;
				SWIFT_ACTIVE_COMPILATION_CONDITIONS = DEBUG;
				SWIFT_OPTIMIZATION_LEVEL = "-Onone";
			};
			name = Debug;
		};
		7C91597E1F9948A7006A8F97 /* Release */ = {
			isa = XCBuildConfiguration;
			buildSettings = {
				ALWAYS_SEARCH_USER_PATHS = NO;
				CLANG_ANALYZER_NONNULL = YES;
				CLANG_ANALYZER_NUMBER_OBJECT_CONVERSION = YES_AGGRESSIVE;
				CLANG_CXX_LANGUAGE_STANDARD = "gnu++14";
				CLANG_CXX_LIBRARY = "libc++";
				CLANG_ENABLE_MODULES = YES;
				CLANG_ENABLE_OBJC_ARC = YES;
				CLANG_WARN_BLOCK_CAPTURE_AUTORELEASING = YES;
				CLANG_WARN_BOOL_CONVERSION = YES;
				CLANG_WARN_COMMA = YES;
				CLANG_WARN_CONSTANT_CONVERSION = YES;
				CLANG_WARN_DIRECT_OBJC_ISA_USAGE = YES_ERROR;
				CLANG_WARN_DOCUMENTATION_COMMENTS = YES;
				CLANG_WARN_EMPTY_BODY = YES;
				CLANG_WARN_ENUM_CONVERSION = YES;
				CLANG_WARN_INFINITE_RECURSION = YES;
				CLANG_WARN_INT_CONVERSION = YES;
				CLANG_WARN_NON_LITERAL_NULL_CONVERSION = YES;
				CLANG_WARN_OBJC_LITERAL_CONVERSION = YES;
				CLANG_WARN_OBJC_ROOT_CLASS = YES_ERROR;
				CLANG_WARN_RANGE_LOOP_ANALYSIS = YES;
				CLANG_WARN_STRICT_PROTOTYPES = YES;
				CLANG_WARN_SUSPICIOUS_MOVE = YES;
				CLANG_WARN_UNGUARDED_AVAILABILITY = YES_AGGRESSIVE;
				CLANG_WARN_UNREACHABLE_CODE = YES;
				CLANG_WARN__DUPLICATE_METHOD_MATCH = YES;
				CODE_SIGN_IDENTITY = "iPhone Developer";
				COPY_PHASE_STRIP = NO;
				DEBUG_INFORMATION_FORMAT = "dwarf-with-dsym";
				ENABLE_NS_ASSERTIONS = NO;
				ENABLE_STRICT_OBJC_MSGSEND = YES;
				GCC_C_LANGUAGE_STANDARD = gnu11;
				GCC_NO_COMMON_BLOCKS = YES;
				GCC_WARN_64_TO_32_BIT_CONVERSION = YES;
				GCC_WARN_ABOUT_RETURN_TYPE = YES_ERROR;
				GCC_WARN_UNDECLARED_SELECTOR = YES;
				GCC_WARN_UNINITIALIZED_AUTOS = YES_AGGRESSIVE;
				GCC_WARN_UNUSED_FUNCTION = YES;
				GCC_WARN_UNUSED_VARIABLE = YES;
				IPHONEOS_DEPLOYMENT_TARGET = 11.0;
				MTL_ENABLE_DEBUG_INFO = NO;
				SDKROOT = iphoneos;
				SWIFT_OPTIMIZATION_LEVEL = "-Owholemodule";
				VALIDATE_PRODUCT = YES;
			};
			name = Release;
		};
		7C9159801F9948A7006A8F97 /* Debug */ = {
			isa = XCBuildConfiguration;
			buildSettings = {
				ASSETCATALOG_COMPILER_APPICON_NAME = AppIcon;
				CODE_SIGN_STYLE = Automatic;
				DEVELOPMENT_TEAM = ZDL96S575W;
				INFOPLIST_FILE = MyFridge/Info.plist;
				LD_RUNPATH_SEARCH_PATHS = "$(inherited) @executable_path/Frameworks";
				PRODUCT_BUNDLE_IDENTIFIER = com.alhoussari.MyFridge;
				PRODUCT_NAME = "$(TARGET_NAME)";
				SWIFT_VERSION = 4.0;
				TARGETED_DEVICE_FAMILY = "1,2";
			};
			name = Debug;
		};
		7C9159811F9948A7006A8F97 /* Release */ = {
			isa = XCBuildConfiguration;
			buildSettings = {
				ASSETCATALOG_COMPILER_APPICON_NAME = AppIcon;
				CODE_SIGN_STYLE = Automatic;
				DEVELOPMENT_TEAM = ZDL96S575W;
				INFOPLIST_FILE = MyFridge/Info.plist;
				LD_RUNPATH_SEARCH_PATHS = "$(inherited) @executable_path/Frameworks";
				PRODUCT_BUNDLE_IDENTIFIER = com.alhoussari.MyFridge;
				PRODUCT_NAME = "$(TARGET_NAME)";
				SWIFT_VERSION = 4.0;
				TARGETED_DEVICE_FAMILY = "1,2";
			};
			name = Release;
		};
/* End XCBuildConfiguration section */

/* Begin XCConfigurationList section */
		7C9159681F9948A6006A8F97 /* Build configuration list for PBXProject "MyFridge" */ = {
			isa = XCConfigurationList;
			buildConfigurations = (
				7C91597D1F9948A7006A8F97 /* Debug */,
				7C91597E1F9948A7006A8F97 /* Release */,
			);
			defaultConfigurationIsVisible = 0;
			defaultConfigurationName = Release;
		};
		7C91597F1F9948A7006A8F97 /* Build configuration list for PBXNativeTarget "MyFridge" */ = {
			isa = XCConfigurationList;
			buildConfigurations = (
				7C9159801F9948A7006A8F97 /* Debug */,
				7C9159811F9948A7006A8F97 /* Release */,
			);
			defaultConfigurationIsVisible = 0;
			defaultConfigurationName = Release;
		};
/* End XCConfigurationList section */
	};
	rootObject = 7C9159651F9948A6006A8F97 /* Project object */;
}
